{
  "name": "vr-three-game-space",
  "lockfileVersion": 2,
  "requires": true,
  "packages": {
    "": {
      "dependencies": {
        "three": "^0.148.0",
        "tweakpane": "^3.1.2"
      }
    },
    "node_modules/three": {
      "version": "0.148.0",
      "resolved": "https://registry.npmjs.org/three/-/three-0.148.0.tgz",
      "integrity": "sha512-8uzVV+qhTPi0bOFs/3te3RW6hb3urL8jYEl6irjCWo/l6sr8MPNMcClFev/MMYeIxr0gmDcoXTy/8LXh/LXkfw=="
    },
    "node_modules/tweakpane": {
      "version": "3.1.2",
      "resolved": "https://registry.npmjs.org/tweakpane/-/tweakpane-3.1.2.tgz",
      "integrity": "sha512-bgPu0IKCqShX0tDpviD+hBHNhlSOExw9WvSpqK+fAT8Sh5eOpBhl18gMitvTXLmeZRMYr2HwgC+UR4URqL39bw==",
      "funding": {
        "url": "https://github.com/sponsors/cocopon"
      }
    }
  },
  "dependencies": {
    "three": {
      "version": "0.148.0",
      "resolved": "https://registry.npmjs.org/three/-/three-0.148.0.tgz",
      "integrity": "sha512-8uzVV+qhTPi0bOFs/3te3RW6hb3urL8jYEl6irjCWo/l6sr8MPNMcClFev/MMYeIxr0gmDcoXTy/8LXh/LXkfw=="
    },
    "tweakpane": {
      "version": "3.1.2",
      "resolved": "https://registry.npmjs.org/tweakpane/-/tweakpane-3.1.2.tgz",
      "integrity": "sha512-bgPu0IKCqShX0tDpviD+hBHNhlSOExw9WvSpqK+fAT8Sh5eOpBhl18gMitvTXLmeZRMYr2HwgC+UR4URqL39bw=="
    }
  }
}
